// !$*UTF8*$!
{
	archiveVersion = 1;
	classes = {
	};
	objectVersion = 46;
	objects = {

/* Begin PBXBuildFile section */
		63BA8371D8E03680FC1B9026 /* Pods_AWSUserPoolsSwift3.framework in Frameworks */ = {isa = PBXBuildFile; fileRef = FB89778402CF86AE0AA0C080 /* Pods_AWSUserPoolsSwift3.framework */; };
		C90D7D5E1DC335CF00D71ADB /* UIAlertControllerExt.swift in Sources */ = {isa = PBXBuildFile; fileRef = C90D7D5D1DC335CF00D71ADB /* UIAlertControllerExt.swift */; };
		C90D7D601DC3401D00D71ADB /* AWSConstants.swift in Sources */ = {isa = PBXBuildFile; fileRef = C90D7D5F1DC3401D00D71ADB /* AWSConstants.swift */; };
		C91641F11DC02879002D0AA3 /* AppDelegate.swift in Sources */ = {isa = PBXBuildFile; fileRef = C91641F01DC02879002D0AA3 /* AppDelegate.swift */; };
		C91641F61DC02879002D0AA3 /* Main.storyboard in Resources */ = {isa = PBXBuildFile; fileRef = C91641F41DC02879002D0AA3 /* Main.storyboard */; };
		C91641F81DC02879002D0AA3 /* Assets.xcassets in Resources */ = {isa = PBXBuildFile; fileRef = C91641F71DC02879002D0AA3 /* Assets.xcassets */; };
		C91641FB1DC02879002D0AA3 /* LaunchScreen.storyboard in Resources */ = {isa = PBXBuildFile; fileRef = C91641F91DC02879002D0AA3 /* LaunchScreen.storyboard */; };
		C91642031DC0323A002D0AA3 /* LoginViewController.swift in Sources */ = {isa = PBXBuildFile; fileRef = C91642021DC0323A002D0AA3 /* LoginViewController.swift */; };
		C91642051DC03436002D0AA3 /* SignUpViewController.swift in Sources */ = {isa = PBXBuildFile; fileRef = C91642041DC03436002D0AA3 /* SignUpViewController.swift */; };
		C91642071DC03A36002D0AA3 /* LoggedInViewController.swift in Sources */ = {isa = PBXBuildFile; fileRef = C91642061DC03A36002D0AA3 /* LoggedInViewController.swift */; };
		C92722CD1DC7EDA000F522EF /* ErrorExt.swift in Sources */ = {isa = PBXBuildFile; fileRef = C92722CC1DC7EDA000F522EF /* ErrorExt.swift */; };
		C92722D01DC7F47300F522EF /* VerificationHelper.swift in Sources */ = {isa = PBXBuildFile; fileRef = C92722CF1DC7F47300F522EF /* VerificationHelper.swift */; };
		C937E3F21DC29FD900C9350A /* UIApplicationExt.swift in Sources */ = {isa = PBXBuildFile; fileRef = C937E3F11DC29FD900C9350A /* UIApplicationExt.swift */; };
		C9BF14F11DC95970004EDA47 /* UIViewControllerExt.swift in Sources */ = {isa = PBXBuildFile; fileRef = C9BF14F01DC95970004EDA47 /* UIViewControllerExt.swift */; };
		C9BF14F51DC96180004EDA47 /* SignUpHelper.swift in Sources */ = {isa = PBXBuildFile; fileRef = C9BF14F41DC96180004EDA47 /* SignUpHelper.swift */; };
/* End PBXBuildFile section */

/* Begin PBXFileReference section */
		5A17CEFC233DFF24E9EF1103 /* Pods-AWSUserPoolsSwift3.debug.xcconfig */ = {isa = PBXFileReference; includeInIndex = 1; lastKnownFileType = text.xcconfig; name = "Pods-AWSUserPoolsSwift3.debug.xcconfig"; path = "Pods/Target Support Files/Pods-AWSUserPoolsSwift3/Pods-AWSUserPoolsSwift3.debug.xcconfig"; sourceTree = "<group>"; };
		C90D7D5D1DC335CF00D71ADB /* UIAlertControllerExt.swift */ = {isa = PBXFileReference; fileEncoding = 4; lastKnownFileType = sourcecode.swift; name = UIAlertControllerExt.swift; path = AWSUserPoolsSwift3/UIAlertControllerExt.swift; sourceTree = "<group>"; };
		C90D7D5F1DC3401D00D71ADB /* AWSConstants.swift */ = {isa = PBXFileReference; fileEncoding = 4; lastKnownFileType = sourcecode.swift; name = AWSConstants.swift; path = AWSUserPoolsSwift3/AWSConstants.swift; sourceTree = "<group>"; };
		C91641ED1DC02879002D0AA3 /* AWSUserPoolsSwift3.app */ = {isa = PBXFileReference; explicitFileType = wrapper.application; includeInIndex = 0; path = AWSUserPoolsSwift3.app; sourceTree = BUILT_PRODUCTS_DIR; };
		C91641F01DC02879002D0AA3 /* AppDelegate.swift */ = {isa = PBXFileReference; lastKnownFileType = sourcecode.swift; name = AppDelegate.swift; path = AWSUserPoolsSwift3/AppDelegate.swift; sourceTree = "<group>"; };
		C91641F51DC02879002D0AA3 /* Base */ = {isa = PBXFileReference; lastKnownFileType = file.storyboard; name = Base; path = Base.lproj/Main.storyboard; sourceTree = "<group>"; };
		C91641F71DC02879002D0AA3 /* Assets.xcassets */ = {isa = PBXFileReference; lastKnownFileType = folder.assetcatalog; name = Assets.xcassets; path = AWSUserPoolsSwift3/Assets.xcassets; sourceTree = "<group>"; };
		C91641FA1DC02879002D0AA3 /* Base */ = {isa = PBXFileReference; lastKnownFileType = file.storyboard; name = Base; path = Base.lproj/LaunchScreen.storyboard; sourceTree = "<group>"; };
		C91641FC1DC02879002D0AA3 /* Info.plist */ = {isa = PBXFileReference; lastKnownFileType = text.plist.xml; name = Info.plist; path = AWSUserPoolsSwift3/Info.plist; sourceTree = "<group>"; };
		C91642021DC0323A002D0AA3 /* LoginViewController.swift */ = {isa = PBXFileReference; fileEncoding = 4; lastKnownFileType = sourcecode.swift; path = LoginViewController.swift; sourceTree = "<group>"; };
		C91642041DC03436002D0AA3 /* SignUpViewController.swift */ = {isa = PBXFileReference; fileEncoding = 4; lastKnownFileType = sourcecode.swift; path = SignUpViewController.swift; sourceTree = "<group>"; };
		C91642061DC03A36002D0AA3 /* LoggedInViewController.swift */ = {isa = PBXFileReference; fileEncoding = 4; lastKnownFileType = sourcecode.swift; path = LoggedInViewController.swift; sourceTree = "<group>"; };
		C92722CC1DC7EDA000F522EF /* ErrorExt.swift */ = {isa = PBXFileReference; fileEncoding = 4; lastKnownFileType = sourcecode.swift; name = ErrorExt.swift; path = AWSUserPoolsSwift3/ErrorExt.swift; sourceTree = "<group>"; };
		C92722CF1DC7F47300F522EF /* VerificationHelper.swift */ = {isa = PBXFileReference; fileEncoding = 4; lastKnownFileType = sourcecode.swift; name = VerificationHelper.swift; path = AWSUserPoolsSwift3/VerificationHelper.swift; sourceTree = "<group>"; };
		C937E3F11DC29FD900C9350A /* UIApplicationExt.swift */ = {isa = PBXFileReference; fileEncoding = 4; lastKnownFileType = sourcecode.swift; name = UIApplicationExt.swift; path = AWSUserPoolsSwift3/UIApplicationExt.swift; sourceTree = "<group>"; };
		C9BF14F01DC95970004EDA47 /* UIViewControllerExt.swift */ = {isa = PBXFileReference; fileEncoding = 4; lastKnownFileType = sourcecode.swift; path = UIViewControllerExt.swift; sourceTree = "<group>"; };
		C9BF14F41DC96180004EDA47 /* SignUpHelper.swift */ = {isa = PBXFileReference; fileEncoding = 4; lastKnownFileType = sourcecode.swift; path = SignUpHelper.swift; sourceTree = "<group>"; };
		CF7686DBC31B060F2A95FE90 /* Pods-AWSUserPoolsSwift3.release.xcconfig */ = {isa = PBXFileReference; includeInIndex = 1; lastKnownFileType = text.xcconfig; name = "Pods-AWSUserPoolsSwift3.release.xcconfig"; path = "Pods/Target Support Files/Pods-AWSUserPoolsSwift3/Pods-AWSUserPoolsSwift3.release.xcconfig"; sourceTree = "<group>"; };
		FB89778402CF86AE0AA0C080 /* Pods_AWSUserPoolsSwift3.framework */ = {isa = PBXFileReference; explicitFileType = wrapper.framework; includeInIndex = 0; path = Pods_AWSUserPoolsSwift3.framework; sourceTree = BUILT_PRODUCTS_DIR; };
/* End PBXFileReference section */

/* Begin PBXFrameworksBuildPhase section */
		C91641EA1DC02879002D0AA3 /* Frameworks */ = {
			isa = PBXFrameworksBuildPhase;
			buildActionMask = 2147483647;
			files = (
				63BA8371D8E03680FC1B9026 /* Pods_AWSUserPoolsSwift3.framework in Frameworks */,
			);
			runOnlyForDeploymentPostprocessing = 0;
		};
/* End PBXFrameworksBuildPhase section */

/* Begin PBXGroup section */
		13ECBF114A2969CB207BD4BC /* Frameworks */ = {
			isa = PBXGroup;
			children = (
				FB89778402CF86AE0AA0C080 /* Pods_AWSUserPoolsSwift3.framework */,
			);
			name = Frameworks;
			sourceTree = "<group>";
		};
		C91641E41DC02879002D0AA3 = {
			isa = PBXGroup;
			children = (
				C92722D11DC7F7B700F522EF /* Extra */,
				C92722D21DC7F7C700F522EF /* Helpers */,
				C92722CE1DC7EDAA00F522EF /* Extensions */,
				C91641EF1DC02879002D0AA3 /* AWSUserPoolsSwift3 */,
				C91641EE1DC02879002D0AA3 /* Products */,
				ED9F4C2BD38DF5ABFA57F8C1 /* Pods */,
				13ECBF114A2969CB207BD4BC /* Frameworks */,
			);
			sourceTree = "<group>";
		};
		C91641EE1DC02879002D0AA3 /* Products */ = {
			isa = PBXGroup;
			children = (
				C91641ED1DC02879002D0AA3 /* AWSUserPoolsSwift3.app */,
			);
			name = Products;
			sourceTree = "<group>";
		};
		C91641EF1DC02879002D0AA3 /* AWSUserPoolsSwift3 */ = {
			isa = PBXGroup;
			children = (
				C91641F41DC02879002D0AA3 /* Main.storyboard */,
				C91642021DC0323A002D0AA3 /* LoginViewController.swift */,
				C91642041DC03436002D0AA3 /* SignUpViewController.swift */,
				C91642061DC03A36002D0AA3 /* LoggedInViewController.swift */,
			);
			path = AWSUserPoolsSwift3;
			sourceTree = "<group>";
		};
		C92722CE1DC7EDAA00F522EF /* Extensions */ = {
			isa = PBXGroup;
			children = (
				C937E3F11DC29FD900C9350A /* UIApplicationExt.swift */,
				C90D7D5D1DC335CF00D71ADB /* UIAlertControllerExt.swift */,
				C92722CC1DC7EDA000F522EF /* ErrorExt.swift */,
				C9BF14F01DC95970004EDA47 /* UIViewControllerExt.swift */,
			);
			name = Extensions;
			sourceTree = "<group>";
		};
		C92722D11DC7F7B700F522EF /* Extra */ = {
			isa = PBXGroup;
			children = (
				C91641F91DC02879002D0AA3 /* LaunchScreen.storyboard */,
				C91641F71DC02879002D0AA3 /* Assets.xcassets */,
				C91641FC1DC02879002D0AA3 /* Info.plist */,
				C91641F01DC02879002D0AA3 /* AppDelegate.swift */,
				C90D7D5F1DC3401D00D71ADB /* AWSConstants.swift */,
			);
			name = Extra;
			sourceTree = "<group>";
		};
		C92722D21DC7F7C700F522EF /* Helpers */ = {
			isa = PBXGroup;
			children = (
				C92722CF1DC7F47300F522EF /* VerificationHelper.swift */,
				C9BF14F41DC96180004EDA47 /* SignUpHelper.swift */,
			);
			name = Helpers;
			sourceTree = "<group>";
		};
		ED9F4C2BD38DF5ABFA57F8C1 /* Pods */ = {
			isa = PBXGroup;
			children = (
				5A17CEFC233DFF24E9EF1103 /* Pods-AWSUserPoolsSwift3.debug.xcconfig */,
				CF7686DBC31B060F2A95FE90 /* Pods-AWSUserPoolsSwift3.release.xcconfig */,
			);
			name = Pods;
			sourceTree = "<group>";
		};
/* End PBXGroup section */

/* Begin PBXNativeTarget section */
		C91641EC1DC02879002D0AA3 /* AWSUserPoolsSwift3 */ = {
			isa = PBXNativeTarget;
			buildConfigurationList = C91641FF1DC02879002D0AA3 /* Build configuration list for PBXNativeTarget "AWSUserPoolsSwift3" */;
			buildPhases = (
				A96C43D5B01FC56A2A06FC71 /* 📦 Check Pods Manifest.lock */,
				C91641E91DC02879002D0AA3 /* Sources */,
				C91641EA1DC02879002D0AA3 /* Frameworks */,
				C91641EB1DC02879002D0AA3 /* Resources */,
				5D102EAB7F770047426B3B8A /* 📦 Embed Pods Frameworks */,
				AE6B6D2BDBE5EE8815197CFD /* 📦 Copy Pods Resources */,
			);
			buildRules = (
			);
			dependencies = (
			);
			name = AWSUserPoolsSwift3;
			productName = AWSUserPoolsSwift3;
			productReference = C91641ED1DC02879002D0AA3 /* AWSUserPoolsSwift3.app */;
			productType = "com.apple.product-type.application";
		};
/* End PBXNativeTarget section */

/* Begin PBXProject section */
		C91641E51DC02879002D0AA3 /* Project object */ = {
			isa = PBXProject;
			attributes = {
				LastSwiftUpdateCheck = 0800;
				LastUpgradeCheck = 0810;
				ORGANIZATIONNAME = "Matthew Pileggi";
				TargetAttributes = {
					C91641EC1DC02879002D0AA3 = {
						CreatedOnToolsVersion = 8.0;
						DevelopmentTeam = 7A4VPG8L6G;
						ProvisioningStyle = Automatic;
					};
				};
			};
			buildConfigurationList = C91641E81DC02879002D0AA3 /* Build configuration list for PBXProject "AWSUserPoolsSwift3" */;
			compatibilityVersion = "Xcode 3.2";
			developmentRegion = English;
			hasScannedForEncodings = 0;
			knownRegions = (
				en,
				Base,
			);
			mainGroup = C91641E41DC02879002D0AA3;
			productRefGroup = C91641EE1DC02879002D0AA3 /* Products */;
			projectDirPath = "";
			projectRoot = "";
			targets = (
				C91641EC1DC02879002D0AA3 /* AWSUserPoolsSwift3 */,
			);
		};
/* End PBXProject section */

/* Begin PBXResourcesBuildPhase section */
		C91641EB1DC02879002D0AA3 /* Resources */ = {
			isa = PBXResourcesBuildPhase;
			buildActionMask = 2147483647;
			files = (
				C91641FB1DC02879002D0AA3 /* LaunchScreen.storyboard in Resources */,
				C91641F81DC02879002D0AA3 /* Assets.xcassets in Resources */,
				C91641F61DC02879002D0AA3 /* Main.storyboard in Resources */,
			);
			runOnlyForDeploymentPostprocessing = 0;
		};
/* End PBXResourcesBuildPhase section */

/* Begin PBXShellScriptBuildPhase section */
		5D102EAB7F770047426B3B8A /* 📦 Embed Pods Frameworks */ = {
			isa = PBXShellScriptBuildPhase;
			buildActionMask = 2147483647;
			files = (
			);
			inputPaths = (
			);
			name = "📦 Embed Pods Frameworks";
			outputPaths = (
			);
			runOnlyForDeploymentPostprocessing = 0;
			shellPath = /bin/sh;
			shellScript = "\"${SRCROOT}/Pods/Target Support Files/Pods-AWSUserPoolsSwift3/Pods-AWSUserPoolsSwift3-frameworks.sh\"\n";
			showEnvVarsInLog = 0;
		};
		A96C43D5B01FC56A2A06FC71 /* 📦 Check Pods Manifest.lock */ = {
			isa = PBXShellScriptBuildPhase;
			buildActionMask = 2147483647;
			files = (
			);
			inputPaths = (
			);
			name = "📦 Check Pods Manifest.lock";
			outputPaths = (
			);
			runOnlyForDeploymentPostprocessing = 0;
			shellPath = /bin/sh;
			shellScript = "diff \"${PODS_ROOT}/../Podfile.lock\" \"${PODS_ROOT}/Manifest.lock\" > /dev/null\nif [[ $? != 0 ]] ; then\n    cat << EOM\nerror: The sandbox is not in sync with the Podfile.lock. Run 'pod install' or update your CocoaPods installation.\nEOM\n    exit 1\nfi\n";
			showEnvVarsInLog = 0;
		};
		AE6B6D2BDBE5EE8815197CFD /* 📦 Copy Pods Resources */ = {
			isa = PBXShellScriptBuildPhase;
			buildActionMask = 2147483647;
			files = (
			);
			inputPaths = (
			);
			name = "📦 Copy Pods Resources";
			outputPaths = (
			);
			runOnlyForDeploymentPostprocessing = 0;
			shellPath = /bin/sh;
			shellScript = "\"${SRCROOT}/Pods/Target Support Files/Pods-AWSUserPoolsSwift3/Pods-AWSUserPoolsSwift3-resources.sh\"\n";
			showEnvVarsInLog = 0;
		};
/* End PBXShellScriptBuildPhase section */

/* Begin PBXSourcesBuildPhase section */
		C91641E91DC02879002D0AA3 /* Sources */ = {
			isa = PBXSourcesBuildPhase;
			buildActionMask = 2147483647;
			files = (
				C9BF14F11DC95970004EDA47 /* UIViewControllerExt.swift in Sources */,
				C90D7D5E1DC335CF00D71ADB /* UIAlertControllerExt.swift in Sources */,
				C92722D01DC7F47300F522EF /* VerificationHelper.swift in Sources */,
				C91642051DC03436002D0AA3 /* SignUpViewController.swift in Sources */,
				C90D7D601DC3401D00D71ADB /* AWSConstants.swift in Sources */,
				C91642031DC0323A002D0AA3 /* LoginViewController.swift in Sources */,
				C92722CD1DC7EDA000F522EF /* ErrorExt.swift in Sources */,
				C91641F11DC02879002D0AA3 /* AppDelegate.swift in Sources */,
				C91642071DC03A36002D0AA3 /* LoggedInViewController.swift in Sources */,
				C9BF14F51DC96180004EDA47 /* SignUpHelper.swift in Sources */,
				C937E3F21DC29FD900C9350A /* UIApplicationExt.swift in Sources */,
			);
			runOnlyForDeploymentPostprocessing = 0;
		};
/* End PBXSourcesBuildPhase section */

/* Begin PBXVariantGroup section */
		C91641F41DC02879002D0AA3 /* Main.storyboard */ = {
			isa = PBXVariantGroup;
			children = (
				C91641F51DC02879002D0AA3 /* Base */,
			);
			name = Main.storyboard;
			sourceTree = "<group>";
		};
		C91641F91DC02879002D0AA3 /* LaunchScreen.storyboard */ = {
			isa = PBXVariantGroup;
			children = (
				C91641FA1DC02879002D0AA3 /* Base */,
			);
			name = LaunchScreen.storyboard;
			path = AWSUserPoolsSwift3;
			sourceTree = "<group>";
		};
/* End PBXVariantGroup section */

/* Begin XCBuildConfiguration section */
		C91641FD1DC02879002D0AA3 /* Debug */ = {
			isa = XCBuildConfiguration;
			buildSettings = {
				ALWAYS_SEARCH_USER_PATHS = NO;
				CLANG_ANALYZER_NONNULL = YES;
				CLANG_CXX_LANGUAGE_STANDARD = "gnu++0x";
				CLANG_CXX_LIBRARY = "libc++";
				CLANG_ENABLE_MODULES = YES;
				CLANG_ENABLE_OBJC_ARC = YES;
				CLANG_WARN_BOOL_CONVERSION = YES;
				CLANG_WARN_CONSTANT_CONVERSION = YES;
				CLANG_WARN_DIRECT_OBJC_ISA_USAGE = YES_ERROR;
				CLANG_WARN_DOCUMENTATION_COMMENTS = YES;
				CLANG_WARN_EMPTY_BODY = YES;
				CLANG_WARN_ENUM_CONVERSION = YES;
				CLANG_WARN_INFINITE_RECURSION = YES;
				CLANG_WARN_INT_CONVERSION = YES;
				CLANG_WARN_OBJC_ROOT_CLASS = YES_ERROR;
				CLANG_WARN_SUSPICIOUS_MOVE = YES;
				CLANG_WARN_SUSPICIOUS_MOVES = YES;
				CLANG_WARN_UNREACHABLE_CODE = YES;
				CLANG_WARN__DUPLICATE_METHOD_MATCH = YES;
				"CODE_SIGN_IDENTITY[sdk=iphoneos*]" = "iPhone Developer";
				COPY_PHASE_STRIP = NO;
				DEBUG_INFORMATION_FORMAT = dwarf;
				ENABLE_STRICT_OBJC_MSGSEND = YES;
				ENABLE_TESTABILITY = YES;
				GCC_C_LANGUAGE_STANDARD = gnu99;
				GCC_DYNAMIC_NO_PIC = NO;
				GCC_NO_COMMON_BLOCKS = YES;
				GCC_OPTIMIZATION_LEVEL = 0;
				GCC_PREPROCESSOR_DEFINITIONS = (
					"DEBUG=1",
					"$(inherited)",
				);
				GCC_WARN_64_TO_32_BIT_CONVERSION = YES;
				GCC_WARN_ABOUT_RETURN_TYPE = YES_ERROR;
				GCC_WARN_UNDECLARED_SELECTOR = YES;
				GCC_WARN_UNINITIALIZED_AUTOS = YES_AGGRESSIVE;
				GCC_WARN_UNUSED_FUNCTION = YES;
				GCC_WARN_UNUSED_VARIABLE = YES;
				IPHONEOS_DEPLOYMENT_TARGET = 10.0;
				MTL_ENABLE_DEBUG_INFO = YES;
				ONLY_ACTIVE_ARCH = YES;
				SDKROOT = iphoneos;
				SWIFT_ACTIVE_COMPILATION_CONDITIONS = DEBUG;
				SWIFT_OPTIMIZATION_LEVEL = "-Onone";
				TARGETED_DEVICE_FAMILY = "1,2";
			};
			name = Debug;
		};
		C91641FE1DC02879002D0AA3 /* Release */ = {
			isa = XCBuildConfiguration;
			buildSettings = {
				ALWAYS_SEARCH_USER_PATHS = NO;
				CLANG_ANALYZER_NONNULL = YES;
				CLANG_CXX_LANGUAGE_STANDARD = "gnu++0x";
				CLANG_CXX_LIBRARY = "libc++";
				CLANG_ENABLE_MODULES = YES;
				CLANG_ENABLE_OBJC_ARC = YES;
				CLANG_WARN_BOOL_CONVERSION = YES;
				CLANG_WARN_CONSTANT_CONVERSION = YES;
				CLANG_WARN_DIRECT_OBJC_ISA_USAGE = YES_ERROR;
				CLANG_WARN_DOCUMENTATION_COMMENTS = YES;
				CLANG_WARN_EMPTY_BODY = YES;
				CLANG_WARN_ENUM_CONVERSION = YES;
				CLANG_WARN_INFINITE_RECURSION = YES;
				CLANG_WARN_INT_CONVERSION = YES;
				CLANG_WARN_OBJC_ROOT_CLASS = YES_ERROR;
				CLANG_WARN_SUSPICIOUS_MOVE = YES;
				CLANG_WARN_SUSPICIOUS_MOVES = YES;
				CLANG_WARN_UNREACHABLE_CODE = YES;
				CLANG_WARN__DUPLICATE_METHOD_MATCH = YES;
				"CODE_SIGN_IDENTITY[sdk=iphoneos*]" = "iPhone Developer";
				COPY_PHASE_STRIP = NO;
				DEBUG_INFORMATION_FORMAT = "dwarf-with-dsym";
				ENABLE_NS_ASSERTIONS = NO;
				ENABLE_STRICT_OBJC_MSGSEND = YES;
				GCC_C_LANGUAGE_STANDARD = gnu99;
				GCC_NO_COMMON_BLOCKS = YES;
				GCC_WARN_64_TO_32_BIT_CONVERSION = YES;
				GCC_WARN_ABOUT_RETURN_TYPE = YES_ERROR;
				GCC_WARN_UNDECLARED_SELECTOR = YES;
				GCC_WARN_UNINITIALIZED_AUTOS = YES_AGGRESSIVE;
				GCC_WARN_UNUSED_FUNCTION = YES;
				GCC_WARN_UNUSED_VARIABLE = YES;
				IPHONEOS_DEPLOYMENT_TARGET = 10.0;
				MTL_ENABLE_DEBUG_INFO = NO;
				SDKROOT = iphoneos;
				SWIFT_OPTIMIZATION_LEVEL = "-Owholemodule";
				TARGETED_DEVICE_FAMILY = "1,2";
				VALIDATE_PRODUCT = YES;
			};
			name = Release;
		};
		C91642001DC02879002D0AA3 /* Debug */ = {
			isa = XCBuildConfiguration;
			baseConfigurationReference = 5A17CEFC233DFF24E9EF1103 /* Pods-AWSUserPoolsSwift3.debug.xcconfig */;
			buildSettings = {
				ASSETCATALOG_COMPILER_APPICON_NAME = AppIcon;
				DEVELOPMENT_TEAM = 7A4VPG8L6G;
				INFOPLIST_FILE = AWSUserPoolsSwift3/Info.plist;
				LD_RUNPATH_SEARCH_PATHS = "$(inherited) @executable_path/Frameworks";
				PRODUCT_BUNDLE_IDENTIFIER = com.mvpileg.AWSUserPoolsSwift3;
				PRODUCT_NAME = "$(TARGET_NAME)";
				SWIFT_VERSION = 3.0;
			};
			name = Debug;
		};
		C91642011DC02879002D0AA3 /* Release */ = {
			isa = XCBuildConfiguration;
			baseConfigurationReference = CF7686DBC31B060F2A95FE90 /* Pods-AWSUserPoolsSwift3.release.xcconfig */;
			buildSettings = {
				ASSETCATALOG_COMPILER_APPICON_NAME = AppIcon;
				DEVELOPMENT_TEAM = 7A4VPG8L6G;
				INFOPLIST_FILE = AWSUserPoolsSwift3/Info.plist;
				LD_RUNPATH_SEARCH_PATHS = "$(inherited) @executable_path/Frameworks";
				PRODUCT_BUNDLE_IDENTIFIER = com.mvpileg.AWSUserPoolsSwift3;
				PRODUCT_NAME = "$(TARGET_NAME)";
				SWIFT_VERSION = 3.0;
			};
			name = Release;
		};
/* End XCBuildConfiguration section */

/* Begin XCConfigurationList section */
		C91641E81DC02879002D0AA3 /* Build configuration list for PBXProject "AWSUserPoolsSwift3" */ = {
			isa = XCConfigurationList;
			buildConfigurations = (
				C91641FD1DC02879002D0AA3 /* Debug */,
				C91641FE1DC02879002D0AA3 /* Release */,
			);
			defaultConfigurationIsVisible = 0;
			defaultConfigurationName = Release;
		};
		C91641FF1DC02879002D0AA3 /* Build configuration list for PBXNativeTarget "AWSUserPoolsSwift3" */ = {
			isa = XCConfigurationList;
			buildConfigurations = (
				C91642001DC02879002D0AA3 /* Debug */,
				C91642011DC02879002D0AA3 /* Release */,
			);
			defaultConfigurationIsVisible = 0;
			defaultConfigurationName = Release;
		};
/* End XCConfigurationList section */
	};
	rootObject = C91641E51DC02879002D0AA3 /* Project object */;
}
